<Solution Description="Visual Studio slnx file generated by Premake" Version="1.4">
  <Configurations>
    <BuildType Name="Debug" />
    <BuildType Name="Release" />
    <Platform Name="x64" />
  </Configurations>
  <Project Path="Raycaster.vcxproj" Id="13273C17-7F91-F08D-C8CF-A1333479CEE2">
  </Project>
</Solution>